
Microsoft Visual Studio Solution File, Format Version 12.00
# Visual Studio 15
VisualStudioVersion = 15.0.28307.572
MinimumVisualStudioVersion = 10.0.40219.1
Project("{FAE04EC0-301F-11D3-BF4B-00C04F79EFBC}") = "TestingPublish", "TestingPublish\TestingPublish.csproj", "{2E35EFCE-F816-45D8-AEB3-E0303525E1D8}"
EndProject
Global
	GlobalSection(SolutionConfigurationPlatforms) = preSolution
		Debug|Any CPU = Debug|Any CPU
		Release|Any CPU = Release|Any CPU
	EndGlobalSection
	GlobalSection(ProjectConfigurationPlatforms) = postSolution
		{2E35EFCE-F816-45D8-AEB3-E0303525E1D8}.Debug|Any CPU.ActiveCfg = Debug|Any CPU
		{2E35EFCE-F816-45D8-AEB3-E0303525E1D8}.Debug|Any CPU.Build.0 = Debug|Any CPU
		{2E35EFCE-F816-45D8-AEB3-E0303525E1D8}.Release|Any CPU.ActiveCfg = Release|Any CPU
		{2E35EFCE-F816-45D8-AEB3-E0303525E1D8}.Release|Any CPU.Build.0 = Release|Any CPU
	EndGlobalSection
	GlobalSection(SolutionProperties) = preSolution
		HideSolutionNode = FALSE
	EndGlobalSection
	GlobalSection(ExtensibilityGlobals) = postSolution
		SolutionGuid = {69C1C5B2-514D-44DD-8EDD-5017C688D079}
	EndGlobalSection
EndGlobal
